
Microsoft Visual Studio Solution File, Format Version 12.00
# Visual Studio Version 17
VisualStudioVersion = 17.14.36221.1 d17.14
MinimumVisualStudioVersion = 10.0.40219.1
Project("{FAE04EC0-301F-11D3-BF4B-00C04F79EFBC}") = "Installer", "Installer.csproj", "{BEF407E2-6CDA-416B-A7E1-10B20ED814BA}"
EndProject
Global
	GlobalSection(SolutionConfigurationPlatforms) = preSolution
		Debug|Any CPU = Debug|Any CPU
		Release|Any CPU = Release|Any CPU
	EndGlobalSection
	GlobalSection(ProjectConfigurationPlatforms) = postSolution
		{BEF407E2-6CDA-416B-A7E1-10B20ED814BA}.Debug|Any CPU.ActiveCfg = Debug|Any CPU
		{BEF407E2-6CDA-416B-A7E1-10B20ED814BA}.Debug|Any CPU.Build.0 = Debug|Any CPU
		{BEF407E2-6CDA-416B-A7E1-10B20ED814BA}.Release|Any CPU.ActiveCfg = Release|Any CPU
		{BEF407E2-6CDA-416B-A7E1-10B20ED814BA}.Release|Any CPU.Build.0 = Release|Any CPU
	EndGlobalSection
	GlobalSection(SolutionProperties) = preSolution
		HideSolutionNode = FALSE
	EndGlobalSection
	GlobalSection(ExtensibilityGlobals) = postSolution
		SolutionGuid = {FE5000CE-4C2C-4B24-882F-F0B01AF4FD37}
	EndGlobalSection
EndGlobal
